
Microsoft Visual Studio Solution File, Format Version 12.00
# Visual Studio Version 17
VisualStudioVersion = 17.9.34622.214
MinimumVisualStudioVersion = 10.0.40219.1
Project("{FAE04EC0-301F-11D3-BF4B-00C04F79EFBC}") = "ST10262451 PROG6212 POE", "ST10262451 PROG6212 POE\ST10262451 PROG6212 POE.csproj", "{4C0AF749-EC23-46DB-A548-7CB24A193963}"
EndProject
Global
	GlobalSection(SolutionConfigurationPlatforms) = preSolution
		Debug|Any CPU = Debug|Any CPU
		Release|Any CPU = Release|Any CPU
	EndGlobalSection
	GlobalSection(ProjectConfigurationPlatforms) = postSolution
		{4C0AF749-EC23-46DB-A548-7CB24A193963}.Debug|Any CPU.ActiveCfg = Debug|Any CPU
		{4C0AF749-EC23-46DB-A548-7CB24A193963}.Debug|Any CPU.Build.0 = Debug|Any CPU
		{4C0AF749-EC23-46DB-A548-7CB24A193963}.Release|Any CPU.ActiveCfg = Release|Any CPU
		{4C0AF749-EC23-46DB-A548-7CB24A193963}.Release|Any CPU.Build.0 = Release|Any CPU
	EndGlobalSection
	GlobalSection(SolutionProperties) = preSolution
		HideSolutionNode = FALSE
	EndGlobalSection
	GlobalSection(ExtensibilityGlobals) = postSolution
		SolutionGuid = {8E1F70AD-779A-4FB2-B9B4-79452E9F6CB7}
	EndGlobalSection
EndGlobal
